
Microsoft Visual Studio Solution File, Format Version 12.00
# Visual Studio Version 17
VisualStudioVersion = 17.11.35327.3
MinimumVisualStudioVersion = 10.0.40219.1
Project("{FAE04EC0-301F-11D3-BF4B-00C04F79EFBC}") = "IMDB_Clone_Web_App", "IMDB_Clone_Web_App.csproj", "{305DBC27-7A57-4F5D-9FD6-89E50F88CFFA}"
EndProject
Global
	GlobalSection(SolutionConfigurationPlatforms) = preSolution
		Debug|Any CPU = Debug|Any CPU
		Release|Any CPU = Release|Any CPU
	EndGlobalSection
	GlobalSection(ProjectConfigurationPlatforms) = postSolution
		{305DBC27-7A57-4F5D-9FD6-89E50F88CFFA}.Debug|Any CPU.ActiveCfg = Debug|Any CPU
		{305DBC27-7A57-4F5D-9FD6-89E50F88CFFA}.Debug|Any CPU.Build.0 = Debug|Any CPU
		{305DBC27-7A57-4F5D-9FD6-89E50F88CFFA}.Release|Any CPU.ActiveCfg = Release|Any CPU
		{305DBC27-7A57-4F5D-9FD6-89E50F88CFFA}.Release|Any CPU.Build.0 = Release|Any CPU
	EndGlobalSection
	GlobalSection(SolutionProperties) = preSolution
		HideSolutionNode = FALSE
	EndGlobalSection
	GlobalSection(ExtensibilityGlobals) = postSolution
		SolutionGuid = {EA8B9ED5-B9E4-4974-84AE-1608C4B936A1}
	EndGlobalSection
EndGlobal
